Microsoft Visual Studio Solution File, Format Version 10.00
# Visual Studio 2008
Project("{8BC9CEB8-8B4A-11D0-8D11-00A0C91BC942}") = "WallPaper", "WallPaper.vcproj", "{5FC5D63E-5F9F-4417-82C8-03B2E7970F53}"
EndProject
Global
	GlobalSection(SolutionConfigurationPlatforms) = preSolution
		Debug|Win32 = Debug|Win32
		Release|Win32 = Release|Win32
	EndGlobalSection
	GlobalSection(ProjectConfigurationPlatforms) = postSolution
		{5FC5D63E-5F9F-4417-82C8-03B2E7970F53}.Debug|Win32.ActiveCfg = Debug|Win32
		{5FC5D63E-5F9F-4417-82C8-03B2E7970F53}.Debug|Win32.Build.0 = Debug|Win32
		{5FC5D63E-5F9F-4417-82C8-03B2E7970F53}.Release|Win32.ActiveCfg = Release|Win32
		{5FC5D63E-5F9F-4417-82C8-03B2E7970F53}.Release|Win32.Build.0 = Release|Win32
	EndGlobalSection
	GlobalSection(SolutionProperties) = preSolution
		HideSolutionNode = FALSE
	EndGlobalSection
EndGlobal
